
Microsoft Visual Studio Solution File, Format Version 12.00
# Visual Studio Version 17
VisualStudioVersion = 17.11.35327.3
MinimumVisualStudioVersion = 10.0.40219.1
Project("{8BC9CEB8-8B4A-11D0-8D11-00A0C91BC942}") = "dz38", "dz38.vcxproj", "{CE3CEAA5-0D3F-41FB-ACC0-A77675A2A69A}"
EndProject
Global
	GlobalSection(SolutionConfigurationPlatforms) = preSolution
		Debug|x64 = Debug|x64
		Debug|x86 = Debug|x86
		Release|x64 = Release|x64
		Release|x86 = Release|x86
	EndGlobalSection
	GlobalSection(ProjectConfigurationPlatforms) = postSolution
		{CE3CEAA5-0D3F-41FB-ACC0-A77675A2A69A}.Debug|x64.ActiveCfg = Debug|x64
		{CE3CEAA5-0D3F-41FB-ACC0-A77675A2A69A}.Debug|x64.Build.0 = Debug|x64
		{CE3CEAA5-0D3F-41FB-ACC0-A77675A2A69A}.Debug|x86.ActiveCfg = Debug|Win32
		{CE3CEAA5-0D3F-41FB-ACC0-A77675A2A69A}.Debug|x86.Build.0 = Debug|Win32
		{CE3CEAA5-0D3F-41FB-ACC0-A77675A2A69A}.Release|x64.ActiveCfg = Release|x64
		{CE3CEAA5-0D3F-41FB-ACC0-A77675A2A69A}.Release|x64.Build.0 = Release|x64
		{CE3CEAA5-0D3F-41FB-ACC0-A77675A2A69A}.Release|x86.ActiveCfg = Release|Win32
		{CE3CEAA5-0D3F-41FB-ACC0-A77675A2A69A}.Release|x86.Build.0 = Release|Win32
	EndGlobalSection
	GlobalSection(SolutionProperties) = preSolution
		HideSolutionNode = FALSE
	EndGlobalSection
	GlobalSection(ExtensibilityGlobals) = postSolution
		SolutionGuid = {EFB41D5C-B59E-424A-BB74-E70A0602FC61}
	EndGlobalSection
EndGlobal
